
Microsoft Visual Studio Solution File, Format Version 12.00
# Visual Studio Version 17
VisualStudioVersion = 17.14.36616.10 d17.14
MinimumVisualStudioVersion = 10.0.40219.1
Project("{FAE04EC0-301F-11D3-BF4B-00C04F79EFBC}") = "WP6_051", "WP6_051\WP6_051.csproj", "{DA4587E2-C01D-4957-A5BE-653B31B07E78}"
EndProject
Project("{FAE04EC0-301F-11D3-BF4B-00C04F79EFBC}") = "WP6_052", "WP6_052\WP6_052.csproj", "{C004B177-5467-43B6-8AB4-E347B9E63CA6}"
EndProject
Project("{FAE04EC0-301F-11D3-BF4B-00C04F79EFBC}") = "WP6_053", "WP6_053\WP6_053.csproj", "{0C45EA94-F25A-42A2-A246-5140DE18756F}"
EndProject
Project("{FAE04EC0-301F-11D3-BF4B-00C04F79EFBC}") = "WP6_054", "WP6_054\WP6_054.csproj", "{1AF8A54E-6E9A-4B2E-955D-E3892C8C8A20}"
EndProject
Project("{FAE04EC0-301F-11D3-BF4B-00C04F79EFBC}") = "WP6_055", "WP6_055\WP6_055.csproj", "{EE3FB736-11E4-46F1-8D66-B176C8EF3779}"
EndProject
Project("{FAE04EC0-301F-11D3-BF4B-00C04F79EFBC}") = "WP6_056", "WP6_056\WP6_056.csproj", "{31D33C8D-9343-49E9-8715-575D15476B43}"
EndProject
Project("{FAE04EC0-301F-11D3-BF4B-00C04F79EFBC}") = "WP6_057", "WP6_057\WP6_057.csproj", "{75B4322D-9804-4A60-9F50-3F56ABD47157}"
EndProject
Project("{FAE04EC0-301F-11D3-BF4B-00C04F79EFBC}") = "WP6_058", "WP6_058\WP6_058.csproj", "{51101386-D415-4BE8-AF5F-973EF71E6E18}"
EndProject
Project("{FAE04EC0-301F-11D3-BF4B-00C04F79EFBC}") = "WP6_059", "WP6_059\WP6_059.csproj", "{1301A480-A48C-4243-A776-B8542A8BA9FE}"
EndProject
Project("{FAE04EC0-301F-11D3-BF4B-00C04F79EFBC}") = "WP6_060", "WP6_060\WP6_060.csproj", "{560E450C-0C60-4F0C-89F6-7AE7679E0B0F}"
EndProject
Global
	GlobalSection(SolutionConfigurationPlatforms) = preSolution
		Debug|Any CPU = Debug|Any CPU
		Release|Any CPU = Release|Any CPU
	EndGlobalSection
	GlobalSection(ProjectConfigurationPlatforms) = postSolution
		{DA4587E2-C01D-4957-A5BE-653B31B07E78}.Debug|Any CPU.ActiveCfg = Debug|Any CPU
		{DA4587E2-C01D-4957-A5BE-653B31B07E78}.Debug|Any CPU.Build.0 = Debug|Any CPU
		{DA4587E2-C01D-4957-A5BE-653B31B07E78}.Release|Any CPU.ActiveCfg = Release|Any CPU
		{DA4587E2-C01D-4957-A5BE-653B31B07E78}.Release|Any CPU.Build.0 = Release|Any CPU
		{C004B177-5467-43B6-8AB4-E347B9E63CA6}.Debug|Any CPU.ActiveCfg = Debug|Any CPU
		{C004B177-5467-43B6-8AB4-E347B9E63CA6}.Debug|Any CPU.Build.0 = Debug|Any CPU
		{C004B177-5467-43B6-8AB4-E347B9E63CA6}.Release|Any CPU.ActiveCfg = Release|Any CPU
		{C004B177-5467-43B6-8AB4-E347B9E63CA6}.Release|Any CPU.Build.0 = Release|Any CPU
		{0C45EA94-F25A-42A2-A246-5140DE18756F}.Debug|Any CPU.ActiveCfg = Debug|Any CPU
		{0C45EA94-F25A-42A2-A246-5140DE18756F}.Debug|Any CPU.Build.0 = Debug|Any CPU
		{0C45EA94-F25A-42A2-A246-5140DE18756F}.Release|Any CPU.ActiveCfg = Release|Any CPU
		{0C45EA94-F25A-42A2-A246-5140DE18756F}.Release|Any CPU.Build.0 = Release|Any CPU
		{1AF8A54E-6E9A-4B2E-955D-E3892C8C8A20}.Debug|Any CPU.ActiveCfg = Debug|Any CPU
		{1AF8A54E-6E9A-4B2E-955D-E3892C8C8A20}.Debug|Any CPU.Build.0 = Debug|Any CPU
		{1AF8A54E-6E9A-4B2E-955D-E3892C8C8A20}.Release|Any CPU.ActiveCfg = Release|Any CPU
		{1AF8A54E-6E9A-4B2E-955D-E3892C8C8A20}.Release|Any CPU.Build.0 = Release|Any CPU
		{EE3FB736-11E4-46F1-8D66-B176C8EF3779}.Debug|Any CPU.ActiveCfg = Debug|Any CPU
		{EE3FB736-11E4-46F1-8D66-B176C8EF3779}.Debug|Any CPU.Build.0 = Debug|Any CPU
		{EE3FB736-11E4-46F1-8D66-B176C8EF3779}.Release|Any CPU.ActiveCfg = Release|Any CPU
		{EE3FB736-11E4-46F1-8D66-B176C8EF3779}.Release|Any CPU.Build.0 = Release|Any CPU
		{31D33C8D-9343-49E9-8715-575D15476B43}.Debug|Any CPU.ActiveCfg = Debug|Any CPU
		{31D33C8D-9343-49E9-8715-575D15476B43}.Debug|Any CPU.Build.0 = Debug|Any CPU
		{31D33C8D-9343-49E9-8715-575D15476B43}.Release|Any CPU.ActiveCfg = Release|Any CPU
		{31D33C8D-9343-49E9-8715-575D15476B43}.Release|Any CPU.Build.0 = Release|Any CPU
		{75B4322D-9804-4A60-9F50-3F56ABD47157}.Debug|Any CPU.ActiveCfg = Debug|Any CPU
		{75B4322D-9804-4A60-9F50-3F56ABD47157}.Debug|Any CPU.Build.0 = Debug|Any CPU
		{75B4322D-9804-4A60-9F50-3F56ABD47157}.Release|Any CPU.ActiveCfg = Release|Any CPU
		{75B4322D-9804-4A60-9F50-3F56ABD47157}.Release|Any CPU.Build.0 = Release|Any CPU
		{51101386-D415-4BE8-AF5F-973EF71E6E18}.Debug|Any CPU.ActiveCfg = Debug|Any CPU
		{51101386-D415-4BE8-AF5F-973EF71E6E18}.Debug|Any CPU.Build.0 = Debug|Any CPU
		{51101386-D415-4BE8-AF5F-973EF71E6E18}.Release|Any CPU.ActiveCfg = Release|Any CPU
		{51101386-D415-4BE8-AF5F-973EF71E6E18}.Release|Any CPU.Build.0 = Release|Any CPU
		{1301A480-A48C-4243-A776-B8542A8BA9FE}.Debug|Any CPU.ActiveCfg = Debug|Any CPU
		{1301A480-A48C-4243-A776-B8542A8BA9FE}.Debug|Any CPU.Build.0 = Debug|Any CPU
		{1301A480-A48C-4243-A776-B8542A8BA9FE}.Release|Any CPU.ActiveCfg = Release|Any CPU
		{1301A480-A48C-4243-A776-B8542A8BA9FE}.Release|Any CPU.Build.0 = Release|Any CPU
		{560E450C-0C60-4F0C-89F6-7AE7679E0B0F}.Debug|Any CPU.ActiveCfg = Debug|Any CPU
		{560E450C-0C60-4F0C-89F6-7AE7679E0B0F}.Debug|Any CPU.Build.0 = Debug|Any CPU
		{560E450C-0C60-4F0C-89F6-7AE7679E0B0F}.Release|Any CPU.ActiveCfg = Release|Any CPU
		{560E450C-0C60-4F0C-89F6-7AE7679E0B0F}.Release|Any CPU.Build.0 = Release|Any CPU
	EndGlobalSection
	GlobalSection(SolutionProperties) = preSolution
		HideSolutionNode = FALSE
	EndGlobalSection
	GlobalSection(ExtensibilityGlobals) = postSolution
		SolutionGuid = {782398AD-1365-4985-B04F-FDBB7F178C54}
	EndGlobalSection
EndGlobal
